
Microsoft Visual Studio Solution File, Format Version 12.00
# Visual Studio 15
Project("{FAE04EC0-301F-11D3-BF4B-00C04F79EFBC}") = "Assembly-CSharp", "Assembly-CSharp.csproj", "{528680C8-E039-A87A-6D35-199BFB9FCFC4}"
EndProject
Project("{FAE04EC0-301F-11D3-BF4B-00C04F79EFBC}") = "Assembly-CSharp-Editor", "Assembly-CSharp-Editor.csproj", "{87CD3FAC-2D11-8C9F-B234-A3BFB98A9B38}"
EndProject
Global
	GlobalSection(SolutionConfigurationPlatforms) = preSolution
		Debug|Any CPU = Debug|Any CPU
		Release|Any CPU = Release|Any CPU
	EndGlobalSection
	GlobalSection(ProjectConfigurationPlatforms) = postSolution
		{528680C8-E039-A87A-6D35-199BFB9FCFC4}.Debug|Any CPU.ActiveCfg = Debug|Any CPU
		{528680C8-E039-A87A-6D35-199BFB9FCFC4}.Debug|Any CPU.Build.0 = Debug|Any CPU
		{528680C8-E039-A87A-6D35-199BFB9FCFC4}.Release|Any CPU.ActiveCfg = Release|Any CPU
		{528680C8-E039-A87A-6D35-199BFB9FCFC4}.Release|Any CPU.Build.0 = Release|Any CPU
		{87CD3FAC-2D11-8C9F-B234-A3BFB98A9B38}.Debug|Any CPU.ActiveCfg = Debug|Any CPU
		{87CD3FAC-2D11-8C9F-B234-A3BFB98A9B38}.Debug|Any CPU.Build.0 = Debug|Any CPU
		{87CD3FAC-2D11-8C9F-B234-A3BFB98A9B38}.Release|Any CPU.ActiveCfg = Release|Any CPU
		{87CD3FAC-2D11-8C9F-B234-A3BFB98A9B38}.Release|Any CPU.Build.0 = Release|Any CPU
	EndGlobalSection
	GlobalSection(SolutionProperties) = preSolution
		HideSolutionNode = FALSE
	EndGlobalSection
EndGlobal
